{
  "name": "generate-docs",
  "version": "1.0.0",
  "lockfileVersion": 1,
  "requires": true,
  "dependencies": {
    "@microsoft/api-documenter": {
      "version": "7.3.8",
      "resolved": "https://registry.npmjs.org/@microsoft/api-documenter/-/api-documenter-7.3.8.tgz",
      "integrity": "sha512-MlkOfqt4TYnccj49IXpsEp2ECx59n1hpPblwOrBJww8ImxPqXvScssu3g9VgtVaB0kxHm0NvR6n82CYmahc0aQ==",
      "requires": {
        "@microsoft/api-extractor-model": "7.2.0",
        "@microsoft/node-core-library": "3.13.0",
        "@microsoft/ts-command-line": "4.2.6",
        "@microsoft/tsdoc": "0.12.9",
        "colors": "1.2.5",
        "js-yaml": "3.13.1"
      },
      "dependencies": {
        "@microsoft/tsdoc": {
          "version": "0.12.9",
          "resolved": "https://registry.npmjs.org/@microsoft/tsdoc/-/tsdoc-0.12.9.tgz",
          "integrity": "sha512-sDhulvuVk65eMppYOE6fr6mMI6RUqs53KUg9deYzNCBpP+2FhR0OFB5innEfdtSedk0LK+1Ppu6MxkfiNjS/Cw=="
        }
      }
    },
    "@microsoft/api-extractor": {
      "version": "7.3.2",
      "resolved": "https://registry.npmjs.org/@microsoft/api-extractor/-/api-extractor-7.3.2.tgz",
      "integrity": "sha512-7F/mQl09qFo09kDM9aIYBNUOwqX+IYM0nlsU+ipmSS92ifG21fWBOyqhuEE9hciKXho6dMIIGTTQa7L/HP4diA==",
      "requires": {
        "@microsoft/api-extractor-model": "7.2.0",
        "@microsoft/node-core-library": "3.13.0",
        "@microsoft/ts-command-line": "4.2.6",
        "@microsoft/tsdoc": "0.12.9",
        "colors": "1.2.5",
        "lodash": "4.17.14",
        "resolve": "1.8.1",
        "source-map": "0.6.1",
        "typescript": "3.5.3"
      },
      "dependencies": {
        "@microsoft/tsdoc": {
          "version": "0.12.9",
          "resolved": "https://registry.npmjs.org/@microsoft/tsdoc/-/tsdoc-0.12.9.tgz",
          "integrity": "sha512-sDhulvuVk65eMppYOE6fr6mMI6RUqs53KUg9deYzNCBpP+2FhR0OFB5innEfdtSedk0LK+1Ppu6MxkfiNjS/Cw=="
        }
      }
    },
    "@microsoft/api-extractor-model": {
      "version": "7.2.0",
      "resolved": "https://registry.npmjs.org/@microsoft/api-extractor-model/-/api-extractor-model-7.2.0.tgz",
      "integrity": "sha512-LYMnA1cB2W3YuCOAFruNvnQBZ64OzEnsHxzcxclBhTcUGag6NrtGnip90AVTvVzFlXDLoT7trvPEenlWflWZFQ==",
      "requires": {
        "@microsoft/node-core-library": "3.13.0",
        "@microsoft/tsdoc": "0.12.9",
        "@types/node": "8.5.8"
      },
      "dependencies": {
        "@microsoft/tsdoc": {
          "version": "0.12.9",
          "resolved": "https://registry.npmjs.org/@microsoft/tsdoc/-/tsdoc-0.12.9.tgz",
          "integrity": "sha512-sDhulvuVk65eMppYOE6fr6mMI6RUqs53KUg9deYzNCBpP+2FhR0OFB5innEfdtSedk0LK+1Ppu6MxkfiNjS/Cw=="
        }
      }
    },
    "@microsoft/node-core-library": {
      "version": "3.13.0",
      "resolved": "https://registry.npmjs.org/@microsoft/node-core-library/-/node-core-library-3.13.0.tgz",
      "integrity": "sha512-mnsL/1ikVWHl8sPNssavaAgtUaIM3hkQ8zeySuApU5dNmsMPzovJPfx9m5JGiMvs1v5QNAIVeiS9jnWwe/7anw==",
      "requires": {
        "@types/fs-extra": "5.0.4",
        "@types/jju": "1.4.1",
        "@types/node": "8.5.8",
        "@types/z-schema": "3.16.31",
        "colors": "1.2.5",
        "fs-extra": "7.0.1",
        "jju": "1.4.0",
        "z-schema": "3.18.4"
      }
    },
    "@microsoft/ts-command-line": {
      "version": "4.2.6",
      "resolved": "https://registry.npmjs.org/@microsoft/ts-command-line/-/ts-command-line-4.2.6.tgz",
      "integrity": "sha512-GFLPg9Z5yiNca3di/V6Zt3tAvj1de9EK0eL88tE+1eckQSH405UQcm7D+H8LbEhRpqpG+ZqN9LXCAEw4L5uchg==",
      "requires": {
        "@types/argparse": "1.0.33",
        "@types/node": "8.5.8",
        "argparse": "1.0.10",
        "colors": "1.2.5"
      }
    },
    "@microsoft/tsdoc": {
      "version": "0.12.12",
      "resolved": "https://registry.npmjs.org/@microsoft/tsdoc/-/tsdoc-0.12.12.tgz",
      "integrity": "sha512-5EzH1gHIonvvgA/xWRmVAJmRkTQj/yayUXyr66hFwNZiFE4j7lP8is9YQeXhwxGZEjO1PVMblAmFF0CyjNtPGw=="
    },
    "@types/argparse": {
      "version": "1.0.33",
      "resolved": "https://registry.npmjs.org/@types/argparse/-/argparse-1.0.33.tgz",
      "integrity": "sha512-VQgHxyPMTj3hIlq9SY1mctqx+Jj8kpQfoLvDlVSDNOyuYs8JYfkuY3OW/4+dO657yPmNhHpePRx0/Tje5ImNVQ=="
    },
    "@types/fs-extra": {
      "version": "5.0.4",
      "resolved": "https://registry.npmjs.org/@types/fs-extra/-/fs-extra-5.0.4.tgz",
      "integrity": "sha512-DsknoBvD8s+RFfSGjmERJ7ZOP1HI0UZRA3FSI+Zakhrc/Gy26YQsLI+m5V5DHxroHRJqCDLKJp7Hixn8zyaF7g==",
      "requires": {
        "@types/node": "8.5.8"
      }
    },
    "@types/jju": {
      "version": "1.4.1",
      "resolved": "https://registry.npmjs.org/@types/jju/-/jju-1.4.1.tgz",
      "integrity": "sha512-LFt+YA7Lv2IZROMwokZKiPNORAV5N3huMs3IKnzlE430HWhWYZ8b+78HiwJXJJP1V2IEjinyJURuRJfGoaFSIA=="
    },
    "@types/node": {
      "version": "8.5.8",
      "resolved": "https://registry.npmjs.org/@types/node/-/node-8.5.8.tgz",
      "integrity": "sha512-8KmlRxwbKZfjUHFIt3q8TF5S2B+/E5BaAoo/3mgc5h6FJzqxXkCK/VMetO+IRDtwtU6HUvovHMBn+XRj7SV9Qg=="
    },
    "@types/z-schema": {
      "version": "3.16.31",
      "resolved": "https://registry.npmjs.org/@types/z-schema/-/z-schema-3.16.31.tgz",
      "integrity": "sha1-LrHQCl5Ow/pYx2r94S4YK2bcXBw="
    },
    "abbrev": {
      "version": "1.1.1",
      "resolved": "https://registry.npmjs.org/abbrev/-/abbrev-1.1.1.tgz",
      "integrity": "sha512-nne9/IiQ/hzIhY6pdDnbBtz7DjPTKrY00P/zvPSm5pOFkl6xuGrGnXn/VtTNNfNtAfZ9/1RtehkszU9qcTii0Q=="
    },
    "argparse": {
      "version": "1.0.10",
      "resolved": "https://registry.npmjs.org/argparse/-/argparse-1.0.10.tgz",
      "integrity": "sha512-o5Roy6tNG4SL/FOkCAN6RzjiakZS25RLYFrcMttJqbdd8BWrnA+fGz57iN5Pb06pvBGvl5gQ0B48dJlslXvoTg==",
      "requires": {
        "sprintf-js": "1.0.3"
      }
    },
    "async": {
      "version": "0.1.22",
      "resolved": "https://registry.npmjs.org/async/-/async-0.1.22.tgz",
      "integrity": "sha1-D8GqoIig4+8Ovi2IMbqw3PiEUGE="
    },
    "balanced-match": {
      "version": "1.0.0",
      "resolved": "https://registry.npmjs.org/balanced-match/-/balanced-match-1.0.0.tgz",
      "integrity": "sha1-ibTRmasr7kneFk6gK4nORi1xt2c="
    },
    "brace-expansion": {
      "version": "1.1.11",
      "resolved": "https://registry.npmjs.org/brace-expansion/-/brace-expansion-1.1.11.tgz",
      "integrity": "sha512-iCuPHDFgrHX7H2vEI/5xpz07zSHB00TpugqhmYtVmMO6518mCuRMoOYFldEBl0g187ufozdaHgWKcYFb61qGiA==",
      "requires": {
        "balanced-match": "1.0.0",
        "concat-map": "0.0.1"
      }
    },
    "catharsis": {
      "version": "0.5.6",
      "resolved": "https://registry.npmjs.org/catharsis/-/catharsis-0.5.6.tgz",
      "integrity": "sha1-IQoM+iPF0J+plNb6/hp2ODwXDLs="
    },
    "cli": {
      "version": "0.4.3",
      "resolved": "https://registry.npmjs.org/cli/-/cli-0.4.3.tgz",
      "integrity": "sha1-5oGcjV+qlX9k+Y9mqFBiaMHR8X0=",
      "requires": {
        "glob": "7.1.4"
      }
    },
    "colors": {
      "version": "1.2.5",
      "resolved": "https://registry.npmjs.org/colors/-/colors-1.2.5.tgz",
      "integrity": "sha512-erNRLao/Y3Fv54qUa0LBB+//Uf3YwMUmdJinN20yMXm9zdKKqH9wt7R9IIVZ+K7ShzfpLV/Zg8+VyrBJYB4lpg=="
    },
    "commander": {
      "version": "2.20.0",
      "resolved": "https://registry.npmjs.org/commander/-/commander-2.20.0.tgz",
      "integrity": "sha512-7j2y+40w61zy6YC2iRNpUe/NwhNyoXrYpHMrSunaMG64nRnaf96zO/KMQR4OyN/UnE5KLyEBnKHd4aG3rskjpQ==",
      "optional": true
    },
    "concat-map": {
      "version": "0.0.1",
      "resolved": "https://registry.npmjs.org/concat-map/-/concat-map-0.0.1.tgz",
      "integrity": "sha1-2Klr13/Wjfd5OnMDajug1UBdR3s="
    },
    "crypto-browserify": {
      "version": "git+https://github.com/dominictarr/crypto-browserify.git#95c5d50581ce0b4fff6e76e45dc0bb3622be4e9a"
    },
    "esprima": {
      "version": "4.0.1",
      "resolved": "https://registry.npmjs.org/esprima/-/esprima-4.0.1.tgz",
      "integrity": "sha512-eGuFFw7Upda+g4p+QHvnW0RyTX/SVeJBDM/gCtMARO0cLuT2HcEKnTPvhjV6aGeqrCB/sbNop0Kszm0jsaWU4A=="
    },
    "fs-extra": {
      "version": "7.0.1",
      "resolved": "https://registry.npmjs.org/fs-extra/-/fs-extra-7.0.1.tgz",
      "integrity": "sha512-YJDaCJZEnBmcbw13fvdAM9AwNOJwOzrE4pqMqBq5nFiEqXUqHwlK4B+3pUw6JNvfSPtX05xFHtYy/1ni01eGCw==",
      "requires": {
        "graceful-fs": "4.2.0",
        "jsonfile": "4.0.0",
        "universalify": "0.1.2"
      }
    },
    "fs.realpath": {
      "version": "1.0.0",
      "resolved": "https://registry.npmjs.org/fs.realpath/-/fs.realpath-1.0.0.tgz",
      "integrity": "sha1-FQStJSMVjKpA20onh8sBQRmU6k8="
    },
    "glob": {
      "version": "7.1.4",
      "resolved": "https://registry.npmjs.org/glob/-/glob-7.1.4.tgz",
      "integrity": "sha512-hkLPepehmnKk41pUGm3sYxoFs/umurYfYJCerbXEyFIWcAzvpipAgVkBqqT9RBKMGjnq6kMuyYwha6csxbiM1A==",
      "requires": {
        "fs.realpath": "1.0.0",
        "inflight": "1.0.6",
        "inherits": "2.0.4",
        "minimatch": "3.0.4",
        "once": "1.4.0",
        "path-is-absolute": "1.0.1"
      },
      "dependencies": {
        "minimatch": {
          "version": "3.0.4",
          "resolved": "https://registry.npmjs.org/minimatch/-/minimatch-3.0.4.tgz",
          "integrity": "sha512-yJHVQEhyqPLUTgt9B83PXu6W3rx4MvvHvSUvToogpwoGDOUQ+yDrR0HRot+yOCdCO7u4hX3pWft6kWBBcqh0UA==",
          "requires": {
            "brace-expansion": "1.1.11"
          }
        }
      }
    },
    "graceful-fs": {
      "version": "4.2.0",
      "resolved": "https://registry.npmjs.org/graceful-fs/-/graceful-fs-4.2.0.tgz",
      "integrity": "sha512-jpSvDPV4Cq/bgtpndIWbI5hmYxhQGHPC4d4cqBPb4DLniCfhJokdXhwhaDuLBGLQdvvRum/UiX6ECVIPvDXqdg=="
    },
    "inflight": {
      "version": "1.0.6",
      "resolved": "https://registry.npmjs.org/inflight/-/inflight-1.0.6.tgz",
      "integrity": "sha1-Sb1jMdfQLQwJvJEKEHW6gWW1bfk=",
      "requires": {
        "once": "1.4.0",
        "wrappy": "1.0.2"
      }
    },
    "inherits": {
      "version": "2.0.4",
      "resolved": "https://registry.npmjs.org/inherits/-/inherits-2.0.4.tgz",
      "integrity": "sha512-k/vGaX4/Yla3WzyMCvTQOXYeIHvqOKtnqBduzTHpzpQZzAskKMhZ2K+EnBiSM9zGSoIFeMpXKxa4dYeZIQqewQ=="
    },
    "jju": {
      "version": "1.4.0",
      "resolved": "https://registry.npmjs.org/jju/-/jju-1.4.0.tgz",
      "integrity": "sha1-o6vicYryQaKykE+EpiWXDzia4yo="
    },
    "js-yaml": {
      "version": "3.13.1",
      "resolved": "https://registry.npmjs.org/js-yaml/-/js-yaml-3.13.1.tgz",
      "integrity": "sha512-YfbcO7jXDdyj0DGxYVSlSeQNHbD7XPWvrVWeVUujrQEoZzWJIRrCPoyk6kL6IAjAG2IolMK4T0hNUe0HOUs5Jw==",
      "requires": {
        "argparse": "1.0.10",
        "esprima": "4.0.1"
      }
    },
    "js2xmlparser": {
      "version": "0.1.0",
      "resolved": "https://registry.npmjs.org/js2xmlparser/-/js2xmlparser-0.1.0.tgz",
      "integrity": "sha1-GwTWez95Ow47Rvr26pxO9tnn8WI="
    },
    "jsdoc": {
      "version": "3.2.0",
      "resolved": "https://registry.npmjs.org/jsdoc/-/jsdoc-3.2.0.tgz",
      "integrity": "sha1-bziez4i18SZixR3eKZj1JkF4C8Q=",
      "requires": {
        "async": "0.1.22",
        "catharsis": "0.5.6",
        "crypto-browserify": "git+https://github.com/dominictarr/crypto-browserify.git#95c5d50581ce0b4fff6e76e45dc0bb3622be4e9a",
        "js2xmlparser": "0.1.0",
        "jshint": "0.9.1",
        "markdown": "git+https://github.com/jsdoc3/markdown-js.git#0050c46a97d084a3cf8e42bc158be6570b94c6e6",
        "marked": "0.2.8",
        "taffydb": "git+https://github.com/hegemonic/taffydb.git#e41b5e179e197bb85c5fb887b707672b1e5ca079",
        "underscore": "1.4.2",
        "wrench": "1.3.9"
      }
    },
    "jshint": {
      "version": "0.9.1",
      "resolved": "https://registry.npmjs.org/jshint/-/jshint-0.9.1.tgz",
      "integrity": "sha1-/zLsfwn4QAH3SY7q/WPJ5Puy3A4=",
      "requires": {
        "cli": "0.4.3",
        "minimatch": "0.0.5"
      }
    },
    "jsonfile": {
      "version": "4.0.0",
      "resolved": "https://registry.npmjs.org/jsonfile/-/jsonfile-4.0.0.tgz",
      "integrity": "sha1-h3Gq4HmbZAdrdmQPygWPnBDjPss=",
      "requires": {
        "graceful-fs": "4.2.0"
      }
    },
    "lodash": {
      "version": "4.17.14",
      "resolved": "https://registry.npmjs.org/lodash/-/lodash-4.17.14.tgz",
      "integrity": "sha512-mmKYbW3GLuJeX+iGP+Y7Gp1AiGHGbXHCOh/jZmrawMmsE7MS4znI3RL2FsjbqOyMayHInjOeykW7PEajUk1/xw=="
    },
    "lodash.get": {
      "version": "4.4.2",
      "resolved": "https://registry.npmjs.org/lodash.get/-/lodash.get-4.4.2.tgz",
      "integrity": "sha1-LRd/ZS+jHpObRDjVNBSZ36OCXpk="
    },
    "lodash.isequal": {
      "version": "4.5.0",
      "resolved": "https://registry.npmjs.org/lodash.isequal/-/lodash.isequal-4.5.0.tgz",
      "integrity": "sha1-QVxEePK8wwEgwizhDtMib30+GOA="
    },
    "lru-cache": {
      "version": "1.0.6",
      "resolved": "https://registry.npmjs.org/lru-cache/-/lru-cache-1.0.6.tgz",
      "integrity": "sha1-qlD5cEdCKsclQ72hd6nJ0BjZhFI="
    },
    "markdown": {
      "version": "git+https://github.com/jsdoc3/markdown-js.git#0050c46a97d084a3cf8e42bc158be6570b94c6e6",
      "requires": {
        "nopt": "1.0.10"
      }
    },
    "marked": {
      "version": "0.2.8",
      "resolved": "https://registry.npmjs.org/marked/-/marked-0.2.8.tgz",
      "integrity": "sha1-3dvMOO2BgraAqvnXzrvntiSXYHE="
    },
    "minimatch": {
      "version": "0.0.5",
      "resolved": "https://registry.npmjs.org/minimatch/-/minimatch-0.0.5.tgz",
      "integrity": "sha1-lrtJC707poNrv6wRGt91MBsVhN4=",
      "requires": {
        "lru-cache": "1.0.6"
      }
    },
    "minimist": {
      "version": "0.0.10",
      "resolved": "https://registry.npmjs.org/minimist/-/minimist-0.0.10.tgz",
      "integrity": "sha1-3j+YVD2/lggr5IrRoMfNqDYwHc8="
    },
    "nopt": {
      "version": "1.0.10",
      "resolved": "https://registry.npmjs.org/nopt/-/nopt-1.0.10.tgz",
      "integrity": "sha1-bd0hvSoxQXuScn3Vhfim83YI6+4=",
      "requires": {
        "abbrev": "1.1.1"
      }
    },
    "once": {
      "version": "1.4.0",
      "resolved": "https://registry.npmjs.org/once/-/once-1.4.0.tgz",
      "integrity": "sha1-WDsap3WWHUsROsF9nFC6753Xa9E=",
      "requires": {
        "wrappy": "1.0.2"
      }
    },
    "optimist": {
      "version": "0.6.0",
      "resolved": "https://registry.npmjs.org/optimist/-/optimist-0.6.0.tgz",
      "integrity": "sha1-aUJIJvNAX3nxQub8PZrljU27kgA=",
      "requires": {
        "minimist": "0.0.10",
        "wordwrap": "0.0.3"
      }
    },
    "path-is-absolute": {
      "version": "1.0.1",
      "resolved": "https://registry.npmjs.org/path-is-absolute/-/path-is-absolute-1.0.1.tgz",
      "integrity": "sha1-F0uSaHNVNP+8es5r9TpanhtcX18="
    },
    "path-parse": {
      "version": "1.0.6",
      "resolved": "https://registry.npmjs.org/path-parse/-/path-parse-1.0.6.tgz",
      "integrity": "sha512-GSmOT2EbHrINBf9SR7CDELwlJ8AENk3Qn7OikK4nFYAu3Ote2+JYNVvkpAEQm3/TLNEJFD/xZJjzyxg3KBWOzw=="
    },
    "resolve": {
      "version": "1.8.1",
      "resolved": "https://registry.npmjs.org/resolve/-/resolve-1.8.1.tgz",
      "integrity": "sha512-AicPrAC7Qu1JxPCZ9ZgCZlY35QgFnNqc+0LtbRNxnVw4TXvjQ72wnuL9JQcEBgXkI9JM8MsT9kaQoHcpCRJOYA==",
      "requires": {
        "path-parse": "1.0.6"
      }
    },
    "source-map": {
      "version": "0.6.1",
      "resolved": "https://registry.npmjs.org/source-map/-/source-map-0.6.1.tgz",
      "integrity": "sha512-UjgapumWlbMhkBgzT7Ykc5YXUT46F0iKu8SGXq0bcwP5dz/h0Plj6enJqjz1Zbq2l5WaqYnrVbwWOWMyF3F47g=="
    },
    "sprintf-js": {
      "version": "1.0.3",
      "resolved": "https://registry.npmjs.org/sprintf-js/-/sprintf-js-1.0.3.tgz",
      "integrity": "sha1-BOaSb2YolTVPPdAVIDYzuFcpfiw="
    },
    "taffydb": {
      "version": "git+https://github.com/hegemonic/taffydb.git#e41b5e179e197bb85c5fb887b707672b1e5ca079"
    },
    "tsdoc": {
      "version": "0.0.4",
      "resolved": "https://registry.npmjs.org/tsdoc/-/tsdoc-0.0.4.tgz",
      "integrity": "sha1-+xmixqjuYdVfrQjWgQRXGe9CvsM=",
      "requires": {
        "jsdoc": "3.2.0",
        "optimist": "0.6.0"
      }
    },
    "typescript": {
      "version": "3.5.3",
      "resolved": "https://registry.npmjs.org/typescript/-/typescript-3.5.3.tgz",
      "integrity": "sha512-ACzBtm/PhXBDId6a6sDJfroT2pOWt/oOnk4/dElG5G33ZL776N3Y6/6bKZJBFpd+b05F3Ct9qDjMeJmRWtE2/g=="
    },
    "underscore": {
      "version": "1.4.2",
      "resolved": "https://registry.npmjs.org/underscore/-/underscore-1.4.2.tgz",
      "integrity": "sha1-yyquanmZqJ/VWq7nW84DEWmM6/s="
    },
    "universalify": {
      "version": "0.1.2",
      "resolved": "https://registry.npmjs.org/universalify/-/universalify-0.1.2.tgz",
      "integrity": "sha512-rBJeI5CXAlmy1pV+617WB9J63U6XcazHHF2f2dbJix4XzpUF0RS3Zbj0FGIOCAva5P/d/GBOYaACQ1w+0azUkg=="
    },
    "validator": {
      "version": "8.2.0",
      "resolved": "https://registry.npmjs.org/validator/-/validator-8.2.0.tgz",
      "integrity": "sha512-Yw5wW34fSv5spzTXNkokD6S6/Oq92d8q/t14TqsS3fAiA1RYnxSFSIZ+CY3n6PGGRCq5HhJTSepQvFUS2QUDxA=="
    },
    "wordwrap": {
      "version": "0.0.3",
      "resolved": "https://registry.npmjs.org/wordwrap/-/wordwrap-0.0.3.tgz",
      "integrity": "sha1-o9XabNXAvAAI03I0u68b7WMFkQc="
    },
    "wrappy": {
      "version": "1.0.2",
      "resolved": "https://registry.npmjs.org/wrappy/-/wrappy-1.0.2.tgz",
      "integrity": "sha1-tSQ9jz7BqjXxNkYFvA0QNuMKtp8="
    },
    "wrench": {
      "version": "1.3.9",
      "resolved": "https://registry.npmjs.org/wrench/-/wrench-1.3.9.tgz",
      "integrity": "sha1-bxPsNRRTF+spLKX2UxORskQRFBE="
    },
    "z-schema": {
      "version": "3.18.4",
      "resolved": "https://registry.npmjs.org/z-schema/-/z-schema-3.18.4.tgz",
      "integrity": "sha512-DUOKC/IhbkdLKKiV89gw9DUauTV8U/8yJl1sjf6MtDmzevLKOF2duNJ495S3MFVjqZarr+qNGCPbkg4mu4PpLw==",
      "requires": {
        "commander": "2.20.0",
        "lodash.get": "4.4.2",
        "lodash.isequal": "4.5.0",
        "validator": "8.2.0"
      }
    }
  }
}
